
Microsoft Visual Studio Solution File, Format Version 12.00
# Visual Studio 15
VisualStudioVersion = 15.0.28307.1209
MinimumVisualStudioVersion = 10.0.40219.1
Project("{FAE04EC0-301F-11D3-BF4B-00C04F79EFBC}") = "Mazedabd", "Mazedabd\Mazedabd.csproj", "{AF0B4A63-59B9-43F8-A7A3-8D0177014B09}"
EndProject
Project("{FAE04EC0-301F-11D3-BF4B-00C04F79EFBC}") = "MZ.BusinessLayer", "MZ.BusinessLayer\MZ.BusinessLayer.csproj", "{6703AA88-DCEB-440A-BFE5-02B0A02D2D19}"
EndProject
Project("{FAE04EC0-301F-11D3-BF4B-00C04F79EFBC}") = "MZ.Models", "MZ.Models\MZ.Models.csproj", "{368D8C06-49CE-438F-BF46-25EA0C32038E}"
EndProject
Project("{FAE04EC0-301F-11D3-BF4B-00C04F79EFBC}") = "MZ.Utility", "MZ.Utility\MZ.Utility.csproj", "{E6607ED9-513C-4D61-909F-940676B3A2FF}"
EndProject
Project("{FAE04EC0-301F-11D3-BF4B-00C04F79EFBC}") = "MZ.DataLayer", "MZ.DataLayer\MZ.DataLayer.csproj", "{B006963D-BF8D-4A49-8E42-A2812614B5E3}"
EndProject
Project("{FAE04EC0-301F-11D3-BF4B-00C04F79EFBC}") = "MZ.DataLayerSql", "MZ.DataLayerSql\MZ.DataLayerSql.csproj", "{EC9C1427-5917-46DE-AD07-7027B4D4DD6E}"
EndProject
Global
	GlobalSection(SolutionConfigurationPlatforms) = preSolution
		Debug|Any CPU = Debug|Any CPU
		Release|Any CPU = Release|Any CPU
	EndGlobalSection
	GlobalSection(ProjectConfigurationPlatforms) = postSolution
		{AF0B4A63-59B9-43F8-A7A3-8D0177014B09}.Debug|Any CPU.ActiveCfg = Debug|Any CPU
		{AF0B4A63-59B9-43F8-A7A3-8D0177014B09}.Debug|Any CPU.Build.0 = Debug|Any CPU
		{AF0B4A63-59B9-43F8-A7A3-8D0177014B09}.Release|Any CPU.ActiveCfg = Release|Any CPU
		{AF0B4A63-59B9-43F8-A7A3-8D0177014B09}.Release|Any CPU.Build.0 = Release|Any CPU
		{6703AA88-DCEB-440A-BFE5-02B0A02D2D19}.Debug|Any CPU.ActiveCfg = Debug|Any CPU
		{6703AA88-DCEB-440A-BFE5-02B0A02D2D19}.Debug|Any CPU.Build.0 = Debug|Any CPU
		{6703AA88-DCEB-440A-BFE5-02B0A02D2D19}.Release|Any CPU.ActiveCfg = Release|Any CPU
		{6703AA88-DCEB-440A-BFE5-02B0A02D2D19}.Release|Any CPU.Build.0 = Release|Any CPU
		{368D8C06-49CE-438F-BF46-25EA0C32038E}.Debug|Any CPU.ActiveCfg = Debug|Any CPU
		{368D8C06-49CE-438F-BF46-25EA0C32038E}.Debug|Any CPU.Build.0 = Debug|Any CPU
		{368D8C06-49CE-438F-BF46-25EA0C32038E}.Release|Any CPU.ActiveCfg = Release|Any CPU
		{368D8C06-49CE-438F-BF46-25EA0C32038E}.Release|Any CPU.Build.0 = Release|Any CPU
		{E6607ED9-513C-4D61-909F-940676B3A2FF}.Debug|Any CPU.ActiveCfg = Debug|Any CPU
		{E6607ED9-513C-4D61-909F-940676B3A2FF}.Debug|Any CPU.Build.0 = Debug|Any CPU
		{E6607ED9-513C-4D61-909F-940676B3A2FF}.Release|Any CPU.ActiveCfg = Release|Any CPU
		{E6607ED9-513C-4D61-909F-940676B3A2FF}.Release|Any CPU.Build.0 = Release|Any CPU
		{B006963D-BF8D-4A49-8E42-A2812614B5E3}.Debug|Any CPU.ActiveCfg = Debug|Any CPU
		{B006963D-BF8D-4A49-8E42-A2812614B5E3}.Debug|Any CPU.Build.0 = Debug|Any CPU
		{B006963D-BF8D-4A49-8E42-A2812614B5E3}.Release|Any CPU.ActiveCfg = Release|Any CPU
		{B006963D-BF8D-4A49-8E42-A2812614B5E3}.Release|Any CPU.Build.0 = Release|Any CPU
		{EC9C1427-5917-46DE-AD07-7027B4D4DD6E}.Debug|Any CPU.ActiveCfg = Debug|Any CPU
		{EC9C1427-5917-46DE-AD07-7027B4D4DD6E}.Debug|Any CPU.Build.0 = Debug|Any CPU
		{EC9C1427-5917-46DE-AD07-7027B4D4DD6E}.Release|Any CPU.ActiveCfg = Release|Any CPU
		{EC9C1427-5917-46DE-AD07-7027B4D4DD6E}.Release|Any CPU.Build.0 = Release|Any CPU
	EndGlobalSection
	GlobalSection(SolutionProperties) = preSolution
		HideSolutionNode = FALSE
	EndGlobalSection
	GlobalSection(ExtensibilityGlobals) = postSolution
		SolutionGuid = {F2DB71DF-D5FF-4EE7-B9EF-8A316A265636}
	EndGlobalSection
EndGlobal
